
Microsoft Visual Studio Solution File, Format Version 12.00
# Visual Studio Version 16
VisualStudioVersion = 16.0.28917.181
MinimumVisualStudioVersion = 10.0.40219.1
Project("{FAE04EC0-301F-11D3-BF4B-00C04F79EFBC}") = "DollarComputers", "DollarComputers\DollarComputers.csproj", "{731CFFB2-7424-4540-A007-088E71658795}"
EndProject
Global
	GlobalSection(SolutionConfigurationPlatforms) = preSolution
		Debug|Any CPU = Debug|Any CPU
		Release|Any CPU = Release|Any CPU
	EndGlobalSection
	GlobalSection(ProjectConfigurationPlatforms) = postSolution
		{731CFFB2-7424-4540-A007-088E71658795}.Debug|Any CPU.ActiveCfg = Debug|Any CPU
		{731CFFB2-7424-4540-A007-088E71658795}.Debug|Any CPU.Build.0 = Debug|Any CPU
		{731CFFB2-7424-4540-A007-088E71658795}.Release|Any CPU.ActiveCfg = Release|Any CPU
		{731CFFB2-7424-4540-A007-088E71658795}.Release|Any CPU.Build.0 = Release|Any CPU
	EndGlobalSection
	GlobalSection(SolutionProperties) = preSolution
		HideSolutionNode = FALSE
	EndGlobalSection
	GlobalSection(ExtensibilityGlobals) = postSolution
		SolutionGuid = {338A66AA-51E1-450F-86E4-DC83C3A71D0E}
	EndGlobalSection
EndGlobal
